
Microsoft Visual Studio Solution File, Format Version 12.00
# Visual Studio Version 16
VisualStudioVersion = 16.0.30413.136
MinimumVisualStudioVersion = 10.0.40219.1
Project("{FAE04EC0-301F-11D3-BF4B-00C04F79EFBC}") = "WebLab3Client", "WebLab3\WebLab3Client.csproj", "{C49F85E6-536A-4C33-A376-A4CEE9F3A180}"
EndProject
Project("{FAE04EC0-301F-11D3-BF4B-00C04F79EFBC}") = "WebLab3Server", "WebLab3Server\WebLab3Server.csproj", "{15FFE7B1-641D-43FD-A481-6D6C8FEE817F}"
EndProject
Global
	GlobalSection(SolutionConfigurationPlatforms) = preSolution
		Debug|Any CPU = Debug|Any CPU
		Release|Any CPU = Release|Any CPU
	EndGlobalSection
	GlobalSection(ProjectConfigurationPlatforms) = postSolution
		{C49F85E6-536A-4C33-A376-A4CEE9F3A180}.Debug|Any CPU.ActiveCfg = Debug|Any CPU
		{C49F85E6-536A-4C33-A376-A4CEE9F3A180}.Debug|Any CPU.Build.0 = Debug|Any CPU
		{C49F85E6-536A-4C33-A376-A4CEE9F3A180}.Release|Any CPU.ActiveCfg = Release|Any CPU
		{C49F85E6-536A-4C33-A376-A4CEE9F3A180}.Release|Any CPU.Build.0 = Release|Any CPU
		{15FFE7B1-641D-43FD-A481-6D6C8FEE817F}.Debug|Any CPU.ActiveCfg = Debug|Any CPU
		{15FFE7B1-641D-43FD-A481-6D6C8FEE817F}.Debug|Any CPU.Build.0 = Debug|Any CPU
		{15FFE7B1-641D-43FD-A481-6D6C8FEE817F}.Release|Any CPU.ActiveCfg = Release|Any CPU
		{15FFE7B1-641D-43FD-A481-6D6C8FEE817F}.Release|Any CPU.Build.0 = Release|Any CPU
	EndGlobalSection
	GlobalSection(SolutionProperties) = preSolution
		HideSolutionNode = FALSE
	EndGlobalSection
	GlobalSection(ExtensibilityGlobals) = postSolution
		SolutionGuid = {7D843279-98AC-45E7-AEE0-CDAE4FAED323}
	EndGlobalSection
EndGlobal
